
Microsoft Visual Studio Solution File, Format Version 12.00
# Visual Studio Version 17
VisualStudioVersion = 17.14.36221.1
MinimumVisualStudioVersion = 10.0.40219.1
Project("{2150E333-8FDC-42A3-9474-1A3956D46DE8}") = "1 Services", "1 Services", "{02EA681E-C7D8-13C7-8484-4AC65E1B71E8}"
EndProject
Project("{2150E333-8FDC-42A3-9474-1A3956D46DE8}") = "2 Application", "2 Application", "{384FD50D-A51E-498E-B9AE-DCE9175AF277}"
EndProject
Project("{2150E333-8FDC-42A3-9474-1A3956D46DE8}") = "3 Domain", "3 Domain", "{3020A62C-5DCE-4296-B266-27EAC05D4AF5}"
EndProject
Project("{2150E333-8FDC-42A3-9474-1A3956D46DE8}") = "4 Infraestructure", "4 Infraestructure", "{3424A240-285F-4057-9E09-2023F743CC93}"
EndProject
Project("{2150E333-8FDC-42A3-9474-1A3956D46DE8}") = "5 Test", "5 Test", "{94DAD9C7-FD0B-4018-970E-A6BB558BCEB7}"
EndProject
Project("{FAE04EC0-301F-11D3-BF4B-00C04F79EFBC}") = "AUT2Services.Domain", "AUT2Services.Domain\AUT2Services.Domain.csproj", "{E700DFDD-E8CF-4ADD-A3E5-F2A5484991A9}"
EndProject
Project("{FAE04EC0-301F-11D3-BF4B-00C04F79EFBC}") = "AUT2Services.Domain.Core", "AUT2Services.Domain.Core\AUT2Services.Domain.Core.csproj", "{6670BD10-F694-42B0-AE6D-E060CC61A013}"
EndProject
Project("{2150E333-8FDC-42A3-9474-1A3956D46DE8}") = "4.1 Data", "4.1 Data", "{2386B873-2B60-4A04-897A-A8A21AE7613A}"
EndProject
Project("{FAE04EC0-301F-11D3-BF4B-00C04F79EFBC}") = "AUT2Services.Application", "AUT2Services.Application\AUT2Services.Application.csproj", "{6BEBC6CC-8740-30E9-C03C-8619097E173B}"
EndProject
Project("{2150E333-8FDC-42A3-9474-1A3956D46DE8}") = "4.2 Cross", "4.2 Cross", "{31ED02AD-C786-4659-8672-116E05F982FC}"
EndProject
Project("{FAE04EC0-301F-11D3-BF4B-00C04F79EFBC}") = "AUT2Services.Infra.Cross.Bus", "AUT2Services.Infra.Cross.Bus\AUT2Services.Infra.Cross.Bus.csproj", "{16A16399-D0DF-26E5-CB1E-E70D606E3A43}"
EndProject
Project("{FAE04EC0-301F-11D3-BF4B-00C04F79EFBC}") = "AUT2Services.Infra.Cross.IoC", "AUT2Services.Infra.Cross.IoC\AUT2Services.Infra.Cross.IoC.csproj", "{49E7A9D1-B932-DDE5-933F-91BA5E384B6C}"
EndProject
Project("{2150E333-8FDC-42A3-9474-1A3956D46DE8}") = "4.3 Migrations", "4.3 Migrations", "{9B8583B3-9B57-484D-9A0E-FBFDFF3027E3}"
EndProject
Project("{FAE04EC0-301F-11D3-BF4B-00C04F79EFBC}") = "AUT2Services.Infra.Data", "AUT2Services.Infra.Data\AUT2Services.Infra.Data.csproj", "{BF774542-969D-477B-86B6-34B63E6A559F}"
EndProject
Project("{FAE04EC0-301F-11D3-BF4B-00C04F79EFBC}") = "AUT2Services.Infra.Migrations.SqlServer", "AUT2Services.Infra.Migrations.SqlServer\AUT2Services.Infra.Migrations.SqlServer.csproj", "{6568B8B3-4B5C-4CC0-89A0-3BD358A2EBFB}"
EndProject
Project("{FAE04EC0-301F-11D3-BF4B-00C04F79EFBC}") = "AUT2Services.Infra.Migrations.PostgreSql", "AUT2Services.Infra.Migrations.PostgreSql\AUT2Services.Infra.Migrations.PostgreSql.csproj", "{D7BC8A10-39D4-44AF-A45E-7F697250944D}"
EndProject
Project("{FAE04EC0-301F-11D3-BF4B-00C04F79EFBC}") = "AUT2Services.Services.API", "AUT2Services.Services.API\AUT2Services.Services.API.csproj", "{D1CD69CC-E4F1-4FAF-B49A-7F60439A51DD}"
EndProject
Project("{2150E333-8FDC-42A3-9474-1A3956D46DE8}") = "4.4 Security", "4.4 Security", "{2BAAF6D6-0784-4142-B0C8-A15EA54936D7}"
EndProject
Project("{FAE04EC0-301F-11D3-BF4B-00C04F79EFBC}") = "AUT2Services.Infra.Security", "AUT2Services.Infra.Security\AUT2Services.Infra.Security.csproj", "{0074349E-6140-422D-854D-5B87C27BCCB7}"
EndProject
Project("{2150E333-8FDC-42A3-9474-1A3956D46DE8}") = "Solution Items", "Solution Items", "{BC99A321-D0F2-4ED9-B4AB-A560D21FC136}"
	ProjectSection(SolutionItems) = preProject
		.editorconfig = .editorconfig
		README.md = README.md
	EndProjectSection
EndProject
Project("{2150E333-8FDC-42A3-9474-1A3956D46DE8}") = "4.5 Tools", "4.5 Tools", "{63A34264-96B5-44B7-9818-63C5BA4FA98E}"
EndProject
Project("{FAE04EC0-301F-11D3-BF4B-00C04F79EFBC}") = "AUT2Services.Infra.Tools.EmailManager", "AUT2Services.Infra.Tools.EmailManager\AUT2Services.Infra.Tools.EmailManager.csproj", "{87EE61E3-06B1-4F85-A93A-4EF0F703F122}"
EndProject
Project("{FAE04EC0-301F-11D3-BF4B-00C04F79EFBC}") = "AUT2Services.Infra.Tools.ZendeskManager", "AUT2Services.Infra.Tools.ZendeskManager\AUT2Services.Infra.Tools.ZendeskManager.csproj", "{BB769139-10B8-4B36-9051-8CA8F35F0C73}"
EndProject
Global
	GlobalSection(SolutionConfigurationPlatforms) = preSolution
		Debug|Any CPU = Debug|Any CPU
		Release|Any CPU = Release|Any CPU
	EndGlobalSection
	GlobalSection(ProjectConfigurationPlatforms) = postSolution
		{E700DFDD-E8CF-4ADD-A3E5-F2A5484991A9}.Debug|Any CPU.ActiveCfg = Debug|Any CPU
		{E700DFDD-E8CF-4ADD-A3E5-F2A5484991A9}.Debug|Any CPU.Build.0 = Debug|Any CPU
		{E700DFDD-E8CF-4ADD-A3E5-F2A5484991A9}.Release|Any CPU.ActiveCfg = Release|Any CPU
		{E700DFDD-E8CF-4ADD-A3E5-F2A5484991A9}.Release|Any CPU.Build.0 = Release|Any CPU
		{6670BD10-F694-42B0-AE6D-E060CC61A013}.Debug|Any CPU.ActiveCfg = Debug|Any CPU
		{6670BD10-F694-42B0-AE6D-E060CC61A013}.Debug|Any CPU.Build.0 = Debug|Any CPU
		{6670BD10-F694-42B0-AE6D-E060CC61A013}.Release|Any CPU.ActiveCfg = Release|Any CPU
		{6670BD10-F694-42B0-AE6D-E060CC61A013}.Release|Any CPU.Build.0 = Release|Any CPU
		{6BEBC6CC-8740-30E9-C03C-8619097E173B}.Debug|Any CPU.ActiveCfg = Debug|Any CPU
		{6BEBC6CC-8740-30E9-C03C-8619097E173B}.Debug|Any CPU.Build.0 = Debug|Any CPU
		{6BEBC6CC-8740-30E9-C03C-8619097E173B}.Release|Any CPU.ActiveCfg = Release|Any CPU
		{6BEBC6CC-8740-30E9-C03C-8619097E173B}.Release|Any CPU.Build.0 = Release|Any CPU
		{16A16399-D0DF-26E5-CB1E-E70D606E3A43}.Debug|Any CPU.ActiveCfg = Debug|Any CPU
		{16A16399-D0DF-26E5-CB1E-E70D606E3A43}.Debug|Any CPU.Build.0 = Debug|Any CPU
		{16A16399-D0DF-26E5-CB1E-E70D606E3A43}.Release|Any CPU.ActiveCfg = Release|Any CPU
		{16A16399-D0DF-26E5-CB1E-E70D606E3A43}.Release|Any CPU.Build.0 = Release|Any CPU
		{49E7A9D1-B932-DDE5-933F-91BA5E384B6C}.Debug|Any CPU.ActiveCfg = Debug|Any CPU
		{49E7A9D1-B932-DDE5-933F-91BA5E384B6C}.Debug|Any CPU.Build.0 = Debug|Any CPU
		{49E7A9D1-B932-DDE5-933F-91BA5E384B6C}.Release|Any CPU.ActiveCfg = Release|Any CPU
		{49E7A9D1-B932-DDE5-933F-91BA5E384B6C}.Release|Any CPU.Build.0 = Release|Any CPU
		{BF774542-969D-477B-86B6-34B63E6A559F}.Debug|Any CPU.ActiveCfg = Debug|Any CPU
		{BF774542-969D-477B-86B6-34B63E6A559F}.Debug|Any CPU.Build.0 = Debug|Any CPU
		{BF774542-969D-477B-86B6-34B63E6A559F}.Release|Any CPU.ActiveCfg = Release|Any CPU
		{BF774542-969D-477B-86B6-34B63E6A559F}.Release|Any CPU.Build.0 = Release|Any CPU
		{6568B8B3-4B5C-4CC0-89A0-3BD358A2EBFB}.Debug|Any CPU.ActiveCfg = Debug|Any CPU
		{6568B8B3-4B5C-4CC0-89A0-3BD358A2EBFB}.Debug|Any CPU.Build.0 = Debug|Any CPU
		{6568B8B3-4B5C-4CC0-89A0-3BD358A2EBFB}.Release|Any CPU.ActiveCfg = Release|Any CPU
		{6568B8B3-4B5C-4CC0-89A0-3BD358A2EBFB}.Release|Any CPU.Build.0 = Release|Any CPU
		{D7BC8A10-39D4-44AF-A45E-7F697250944D}.Debug|Any CPU.ActiveCfg = Debug|Any CPU
		{D7BC8A10-39D4-44AF-A45E-7F697250944D}.Debug|Any CPU.Build.0 = Debug|Any CPU
		{D7BC8A10-39D4-44AF-A45E-7F697250944D}.Release|Any CPU.ActiveCfg = Release|Any CPU
		{D7BC8A10-39D4-44AF-A45E-7F697250944D}.Release|Any CPU.Build.0 = Release|Any CPU
		{D1CD69CC-E4F1-4FAF-B49A-7F60439A51DD}.Debug|Any CPU.ActiveCfg = Debug|Any CPU
		{D1CD69CC-E4F1-4FAF-B49A-7F60439A51DD}.Debug|Any CPU.Build.0 = Debug|Any CPU
		{D1CD69CC-E4F1-4FAF-B49A-7F60439A51DD}.Release|Any CPU.ActiveCfg = Release|Any CPU
		{D1CD69CC-E4F1-4FAF-B49A-7F60439A51DD}.Release|Any CPU.Build.0 = Release|Any CPU
		{0074349E-6140-422D-854D-5B87C27BCCB7}.Debug|Any CPU.ActiveCfg = Debug|Any CPU
		{0074349E-6140-422D-854D-5B87C27BCCB7}.Debug|Any CPU.Build.0 = Debug|Any CPU
		{0074349E-6140-422D-854D-5B87C27BCCB7}.Release|Any CPU.ActiveCfg = Release|Any CPU
		{0074349E-6140-422D-854D-5B87C27BCCB7}.Release|Any CPU.Build.0 = Release|Any CPU
		{87EE61E3-06B1-4F85-A93A-4EF0F703F122}.Debug|Any CPU.ActiveCfg = Debug|Any CPU
		{87EE61E3-06B1-4F85-A93A-4EF0F703F122}.Debug|Any CPU.Build.0 = Debug|Any CPU
		{87EE61E3-06B1-4F85-A93A-4EF0F703F122}.Release|Any CPU.ActiveCfg = Release|Any CPU
		{87EE61E3-06B1-4F85-A93A-4EF0F703F122}.Release|Any CPU.Build.0 = Release|Any CPU
		{BB769139-10B8-4B36-9051-8CA8F35F0C73}.Debug|Any CPU.ActiveCfg = Debug|Any CPU
		{BB769139-10B8-4B36-9051-8CA8F35F0C73}.Debug|Any CPU.Build.0 = Debug|Any CPU
		{BB769139-10B8-4B36-9051-8CA8F35F0C73}.Release|Any CPU.ActiveCfg = Release|Any CPU
		{BB769139-10B8-4B36-9051-8CA8F35F0C73}.Release|Any CPU.Build.0 = Release|Any CPU
	EndGlobalSection
	GlobalSection(SolutionProperties) = preSolution
		HideSolutionNode = FALSE
	EndGlobalSection
	GlobalSection(NestedProjects) = preSolution
		{E700DFDD-E8CF-4ADD-A3E5-F2A5484991A9} = {3020A62C-5DCE-4296-B266-27EAC05D4AF5}
		{6670BD10-F694-42B0-AE6D-E060CC61A013} = {3020A62C-5DCE-4296-B266-27EAC05D4AF5}
		{2386B873-2B60-4A04-897A-A8A21AE7613A} = {3424A240-285F-4057-9E09-2023F743CC93}
		{6BEBC6CC-8740-30E9-C03C-8619097E173B} = {384FD50D-A51E-498E-B9AE-DCE9175AF277}
		{31ED02AD-C786-4659-8672-116E05F982FC} = {3424A240-285F-4057-9E09-2023F743CC93}
		{16A16399-D0DF-26E5-CB1E-E70D606E3A43} = {31ED02AD-C786-4659-8672-116E05F982FC}
		{49E7A9D1-B932-DDE5-933F-91BA5E384B6C} = {31ED02AD-C786-4659-8672-116E05F982FC}
		{9B8583B3-9B57-484D-9A0E-FBFDFF3027E3} = {3424A240-285F-4057-9E09-2023F743CC93}
		{BF774542-969D-477B-86B6-34B63E6A559F} = {2386B873-2B60-4A04-897A-A8A21AE7613A}
		{6568B8B3-4B5C-4CC0-89A0-3BD358A2EBFB} = {9B8583B3-9B57-484D-9A0E-FBFDFF3027E3}
		{D7BC8A10-39D4-44AF-A45E-7F697250944D} = {9B8583B3-9B57-484D-9A0E-FBFDFF3027E3}
		{D1CD69CC-E4F1-4FAF-B49A-7F60439A51DD} = {02EA681E-C7D8-13C7-8484-4AC65E1B71E8}
		{2BAAF6D6-0784-4142-B0C8-A15EA54936D7} = {3424A240-285F-4057-9E09-2023F743CC93}
		{0074349E-6140-422D-854D-5B87C27BCCB7} = {2BAAF6D6-0784-4142-B0C8-A15EA54936D7}
		{63A34264-96B5-44B7-9818-63C5BA4FA98E} = {3424A240-285F-4057-9E09-2023F743CC93}
		{87EE61E3-06B1-4F85-A93A-4EF0F703F122} = {63A34264-96B5-44B7-9818-63C5BA4FA98E}
		{BB769139-10B8-4B36-9051-8CA8F35F0C73} = {63A34264-96B5-44B7-9818-63C5BA4FA98E}
	EndGlobalSection
	GlobalSection(ExtensibilityGlobals) = postSolution
		SolutionGuid = {6E478FFE-E459-4521-BEAD-09EB430B14D7}
	EndGlobalSection
EndGlobal
